
Microsoft Visual Studio Solution File, Format Version 12.00
# Visual Studio 2012
Project("{FAE04EC0-301F-11D3-BF4B-00C04F79EFBC}") = "WindowsFormsApplication1", "WindowsFormsApplication1\WindowsFormsApplication1.csproj", "{04CA4462-A5AE-418C-8710-9AE7576A6622}"
EndProject
Global
	GlobalSection(SolutionConfigurationPlatforms) = preSolution
		Debug|Any CPU = Debug|Any CPU
		Release|Any CPU = Release|Any CPU
	EndGlobalSection
	GlobalSection(ProjectConfigurationPlatforms) = postSolution
		{04CA4462-A5AE-418C-8710-9AE7576A6622}.Debug|Any CPU.ActiveCfg = Debug|Any CPU
		{04CA4462-A5AE-418C-8710-9AE7576A6622}.Debug|Any CPU.Build.0 = Debug|Any CPU
		{04CA4462-A5AE-418C-8710-9AE7576A6622}.Release|Any CPU.ActiveCfg = Release|Any CPU
		{04CA4462-A5AE-418C-8710-9AE7576A6622}.Release|Any CPU.Build.0 = Release|Any CPU
	EndGlobalSection
	GlobalSection(SolutionProperties) = preSolution
		HideSolutionNode = FALSE
	EndGlobalSection
EndGlobal
